
Microsoft Visual Studio Solution File, Format Version 12.00
# Visual Studio Version 16
VisualStudioVersion = 16.0.32228.343
MinimumVisualStudioVersion = 10.0.40219.1
Project("{FAE04EC0-301F-11D3-BF4B-00C04F79EFBC}") = "BinaryOperations", "BinaryOperations.csproj", "{A87B2907-B88E-4375-9E7D-0A7EC8D40977}"
EndProject
Global
	GlobalSection(SolutionConfigurationPlatforms) = preSolution
		Debug|Any CPU = Debug|Any CPU
		Release|Any CPU = Release|Any CPU
	EndGlobalSection
	GlobalSection(ProjectConfigurationPlatforms) = postSolution
		{A87B2907-B88E-4375-9E7D-0A7EC8D40977}.Debug|Any CPU.ActiveCfg = Debug|Any CPU
		{A87B2907-B88E-4375-9E7D-0A7EC8D40977}.Debug|Any CPU.Build.0 = Debug|Any CPU
		{A87B2907-B88E-4375-9E7D-0A7EC8D40977}.Release|Any CPU.ActiveCfg = Release|Any CPU
		{A87B2907-B88E-4375-9E7D-0A7EC8D40977}.Release|Any CPU.Build.0 = Release|Any CPU
	EndGlobalSection
	GlobalSection(SolutionProperties) = preSolution
		HideSolutionNode = FALSE
	EndGlobalSection
	GlobalSection(ExtensibilityGlobals) = postSolution
		SolutionGuid = {DCC84B6E-6EC1-4E9B-A9F2-F4B35FA09A84}
	EndGlobalSection
EndGlobal
